
Microsoft Visual Studio Solution File, Format Version 12.00
# Visual Studio 14
VisualStudioVersion = 14.0.25123.0
MinimumVisualStudioVersion = 10.0.40219.1
Project("{FAE04EC0-301F-11D3-BF4B-00C04F79EFBC}") = "Rally_Email_Integration", "Rally_Email_Integration\Rally_Email_Integration.csproj", "{C2FA4E7E-EE7A-48B8-8479-939208051391}"
EndProject
Project("{FAE04EC0-301F-11D3-BF4B-00C04F79EFBC}") = "Email", "Email\Email.csproj", "{567A0A7F-B9C7-4AAE-B2B5-B3CD192001DE}"
EndProject
Project("{FAE04EC0-301F-11D3-BF4B-00C04F79EFBC}") = "Rally", "Rally\Rally.csproj", "{E3A1F0D5-2A95-4E85-A4F6-1D113635BE0C}"
EndProject
Global
	GlobalSection(SolutionConfigurationPlatforms) = preSolution
		Debug|Any CPU = Debug|Any CPU
		Release|Any CPU = Release|Any CPU
	EndGlobalSection
	GlobalSection(ProjectConfigurationPlatforms) = postSolution
		{C2FA4E7E-EE7A-48B8-8479-939208051391}.Debug|Any CPU.ActiveCfg = Debug|Any CPU
		{C2FA4E7E-EE7A-48B8-8479-939208051391}.Debug|Any CPU.Build.0 = Debug|Any CPU
		{C2FA4E7E-EE7A-48B8-8479-939208051391}.Release|Any CPU.ActiveCfg = Release|Any CPU
		{C2FA4E7E-EE7A-48B8-8479-939208051391}.Release|Any CPU.Build.0 = Release|Any CPU
		{567A0A7F-B9C7-4AAE-B2B5-B3CD192001DE}.Debug|Any CPU.ActiveCfg = Debug|Any CPU
		{567A0A7F-B9C7-4AAE-B2B5-B3CD192001DE}.Debug|Any CPU.Build.0 = Debug|Any CPU
		{567A0A7F-B9C7-4AAE-B2B5-B3CD192001DE}.Release|Any CPU.ActiveCfg = Release|Any CPU
		{567A0A7F-B9C7-4AAE-B2B5-B3CD192001DE}.Release|Any CPU.Build.0 = Release|Any CPU
		{E3A1F0D5-2A95-4E85-A4F6-1D113635BE0C}.Debug|Any CPU.ActiveCfg = Debug|Any CPU
		{E3A1F0D5-2A95-4E85-A4F6-1D113635BE0C}.Debug|Any CPU.Build.0 = Debug|Any CPU
		{E3A1F0D5-2A95-4E85-A4F6-1D113635BE0C}.Release|Any CPU.ActiveCfg = Release|Any CPU
		{E3A1F0D5-2A95-4E85-A4F6-1D113635BE0C}.Release|Any CPU.Build.0 = Release|Any CPU
	EndGlobalSection
	GlobalSection(SolutionProperties) = preSolution
		HideSolutionNode = FALSE
	EndGlobalSection
EndGlobal
